// !$*UTF8*$!
{
	archiveVersion = 1;
	classes = {
	};
	objectVersion = 48;
	objects = {

/* Begin PBXBuildFile section */
		91E6D763202F35550007F384 /* AppDelegate.swift in Sources */ = {isa = PBXBuildFile; fileRef = 91E6D762202F35550007F384 /* AppDelegate.swift */; };
		91E6D768202F35550007F384 /* Main.storyboard in Resources */ = {isa = PBXBuildFile; fileRef = 91E6D766202F35550007F384 /* Main.storyboard */; };
		91E6D76A202F35550007F384 /* Assets.xcassets in Resources */ = {isa = PBXBuildFile; fileRef = 91E6D769202F35550007F384 /* Assets.xcassets */; };
		91E6D76D202F35550007F384 /* LaunchScreen.storyboard in Resources */ = {isa = PBXBuildFile; fileRef = 91E6D76B202F35550007F384 /* LaunchScreen.storyboard */; };
		91E6D778202F35550007F384 /* WeatherAppTests.swift in Sources */ = {isa = PBXBuildFile; fileRef = 91E6D777202F35550007F384 /* WeatherAppTests.swift */; };
		91E6D787202F36AD0007F384 /* WeatherTableViewController.swift in Sources */ = {isa = PBXBuildFile; fileRef = 91E6D786202F36AD0007F384 /* WeatherTableViewController.swift */; };
		91E6D78A202F3D480007F384 /* Weather.swift in Sources */ = {isa = PBXBuildFile; fileRef = 91E6D789202F3D480007F384 /* Weather.swift */; };
		91E6D78C202F44D70007F384 /* APIClient.swift in Sources */ = {isa = PBXBuildFile; fileRef = 91E6D78B202F44D70007F384 /* APIClient.swift */; };
		91E6D78E202F57210007F384 /* Endpoint.swift in Sources */ = {isa = PBXBuildFile; fileRef = 91E6D78D202F57210007F384 /* Endpoint.swift */; };
/* End PBXBuildFile section */

/* Begin PBXContainerItemProxy section */
		91E6D774202F35550007F384 /* PBXContainerItemProxy */ = {
			isa = PBXContainerItemProxy;
			containerPortal = 91E6D757202F35550007F384 /* Project object */;
			proxyType = 1;
			remoteGlobalIDString = 91E6D75E202F35550007F384;
			remoteInfo = WeatherApp;
		};
/* End PBXContainerItemProxy section */

/* Begin PBXFileReference section */
		91E6D75F202F35550007F384 /* WeatherApp.app */ = {isa = PBXFileReference; explicitFileType = wrapper.application; includeInIndex = 0; path = WeatherApp.app; sourceTree = BUILT_PRODUCTS_DIR; };
		91E6D762202F35550007F384 /* AppDelegate.swift */ = {isa = PBXFileReference; lastKnownFileType = sourcecode.swift; path = AppDelegate.swift; sourceTree = "<group>"; };
		91E6D767202F35550007F384 /* Base */ = {isa = PBXFileReference; lastKnownFileType = file.storyboard; name = Base; path = Base.lproj/Main.storyboard; sourceTree = "<group>"; };
		91E6D769202F35550007F384 /* Assets.xcassets */ = {isa = PBXFileReference; lastKnownFileType = folder.assetcatalog; path = Assets.xcassets; sourceTree = "<group>"; };
		91E6D76C202F35550007F384 /* Base */ = {isa = PBXFileReference; lastKnownFileType = file.storyboard; name = Base; path = Base.lproj/LaunchScreen.storyboard; sourceTree = "<group>"; };
		91E6D76E202F35550007F384 /* Info.plist */ = {isa = PBXFileReference; lastKnownFileType = text.plist.xml; path = Info.plist; sourceTree = "<group>"; };
		91E6D773202F35550007F384 /* WeatherAppTests.xctest */ = {isa = PBXFileReference; explicitFileType = wrapper.cfbundle; includeInIndex = 0; path = WeatherAppTests.xctest; sourceTree = BUILT_PRODUCTS_DIR; };
		91E6D777202F35550007F384 /* WeatherAppTests.swift */ = {isa = PBXFileReference; lastKnownFileType = sourcecode.swift; path = WeatherAppTests.swift; sourceTree = "<group>"; };
		91E6D779202F35550007F384 /* Info.plist */ = {isa = PBXFileReference; lastKnownFileType = text.plist.xml; path = Info.plist; sourceTree = "<group>"; };
		91E6D786202F36AD0007F384 /* WeatherTableViewController.swift */ = {isa = PBXFileReference; lastKnownFileType = sourcecode.swift; path = WeatherTableViewController.swift; sourceTree = "<group>"; };
		91E6D789202F3D480007F384 /* Weather.swift */ = {isa = PBXFileReference; lastKnownFileType = sourcecode.swift; path = Weather.swift; sourceTree = "<group>"; };
		91E6D78B202F44D70007F384 /* APIClient.swift */ = {isa = PBXFileReference; lastKnownFileType = sourcecode.swift; path = APIClient.swift; sourceTree = "<group>"; };
		91E6D78D202F57210007F384 /* Endpoint.swift */ = {isa = PBXFileReference; lastKnownFileType = sourcecode.swift; path = Endpoint.swift; sourceTree = "<group>"; };
/* End PBXFileReference section */

/* Begin PBXFrameworksBuildPhase section */
		91E6D75C202F35550007F384 /* Frameworks */ = {
			isa = PBXFrameworksBuildPhase;
			buildActionMask = 2147483647;
			files = (
			);
			runOnlyForDeploymentPostprocessing = 0;
		};
		91E6D770202F35550007F384 /* Frameworks */ = {
			isa = PBXFrameworksBuildPhase;
			buildActionMask = 2147483647;
			files = (
			);
			runOnlyForDeploymentPostprocessing = 0;
		};
/* End PBXFrameworksBuildPhase section */

/* Begin PBXGroup section */
		91E6D756202F35550007F384 = {
			isa = PBXGroup;
			children = (
				91E6D761202F35550007F384 /* WeatherApp */,
				91E6D776202F35550007F384 /* WeatherAppTests */,
				91E6D760202F35550007F384 /* Products */,
			);
			sourceTree = "<group>";
		};
		91E6D760202F35550007F384 /* Products */ = {
			isa = PBXGroup;
			children = (
				91E6D75F202F35550007F384 /* WeatherApp.app */,
				91E6D773202F35550007F384 /* WeatherAppTests.xctest */,
			);
			name = Products;
			sourceTree = "<group>";
		};
		91E6D761202F35550007F384 /* WeatherApp */ = {
			isa = PBXGroup;
			children = (
				91E6D788202F3D330007F384 /* API */,
				91E6D785202F367B0007F384 /* VC */,
				91E6D784202F36390007F384 /* Models */,
				91E6D762202F35550007F384 /* AppDelegate.swift */,
				91E6D766202F35550007F384 /* Main.storyboard */,
				91E6D769202F35550007F384 /* Assets.xcassets */,
				91E6D76B202F35550007F384 /* LaunchScreen.storyboard */,
				91E6D76E202F35550007F384 /* Info.plist */,
			);
			path = WeatherApp;
			sourceTree = "<group>";
		};
		91E6D776202F35550007F384 /* WeatherAppTests */ = {
			isa = PBXGroup;
			children = (
				91E6D777202F35550007F384 /* WeatherAppTests.swift */,
				91E6D779202F35550007F384 /* Info.plist */,
			);
			path = WeatherAppTests;
			sourceTree = "<group>";
		};
		91E6D784202F36390007F384 /* Models */ = {
			isa = PBXGroup;
			children = (
			);
			path = Models;
			sourceTree = "<group>";
		};
		91E6D785202F367B0007F384 /* VC */ = {
			isa = PBXGroup;
			children = (
				91E6D786202F36AD0007F384 /* WeatherTableViewController.swift */,
			);
			path = VC;
			sourceTree = "<group>";
		};
		91E6D788202F3D330007F384 /* API */ = {
			isa = PBXGroup;
			children = (
				91E6D78B202F44D70007F384 /* APIClient.swift */,
				91E6D789202F3D480007F384 /* Weather.swift */,
				91E6D78D202F57210007F384 /* Endpoint.swift */,
			);
			path = API;
			sourceTree = "<group>";
		};
/* End PBXGroup section */

/* Begin PBXNativeTarget section */
		91E6D75E202F35550007F384 /* WeatherApp */ = {
			isa = PBXNativeTarget;
			buildConfigurationList = 91E6D77C202F35550007F384 /* Build configuration list for PBXNativeTarget "WeatherApp" */;
			buildPhases = (
				91E6D75B202F35550007F384 /* Sources */,
				91E6D75C202F35550007F384 /* Frameworks */,
				91E6D75D202F35550007F384 /* Resources */,
			);
			buildRules = (
			);
			dependencies = (
			);
			name = WeatherApp;
			productName = WeatherApp;
			productReference = 91E6D75F202F35550007F384 /* WeatherApp.app */;
			productType = "com.apple.product-type.application";
		};
		91E6D772202F35550007F384 /* WeatherAppTests */ = {
			isa = PBXNativeTarget;
			buildConfigurationList = 91E6D77F202F35550007F384 /* Build configuration list for PBXNativeTarget "WeatherAppTests" */;
			buildPhases = (
				91E6D76F202F35550007F384 /* Sources */,
				91E6D770202F35550007F384 /* Frameworks */,
				91E6D771202F35550007F384 /* Resources */,
			);
			buildRules = (
			);
			dependencies = (
				91E6D775202F35550007F384 /* PBXTargetDependency */,
			);
			name = WeatherAppTests;
			productName = WeatherAppTests;
			productReference = 91E6D773202F35550007F384 /* WeatherAppTests.xctest */;
			productType = "com.apple.product-type.bundle.unit-test";
		};
/* End PBXNativeTarget section */

/* Begin PBXProject section */
		91E6D757202F35550007F384 /* Project object */ = {
			isa = PBXProject;
			attributes = {
				LastSwiftUpdateCheck = 0920;
				LastUpgradeCheck = 0920;
				ORGANIZATIONNAME = "Magnus Holm";
				TargetAttributes = {
					91E6D75E202F35550007F384 = {
						CreatedOnToolsVersion = 9.2;
						ProvisioningStyle = Automatic;
					};
					91E6D772202F35550007F384 = {
						CreatedOnToolsVersion = 9.2;
						ProvisioningStyle = Automatic;
						TestTargetID = 91E6D75E202F35550007F384;
					};
				};
			};
			buildConfigurationList = 91E6D75A202F35550007F384 /* Build configuration list for PBXProject "WeatherApp" */;
			compatibilityVersion = "Xcode 8.0";
			developmentRegion = en;
			hasScannedForEncodings = 0;
			knownRegions = (
				en,
				Base,
			);
			mainGroup = 91E6D756202F35550007F384;
			productRefGroup = 91E6D760202F35550007F384 /* Products */;
			projectDirPath = "";
			projectRoot = "";
			targets = (
				91E6D75E202F35550007F384 /* WeatherApp */,
				91E6D772202F35550007F384 /* WeatherAppTests */,
			);
		};
/* End PBXProject section */

/* Begin PBXResourcesBuildPhase section */
		91E6D75D202F35550007F384 /* Resources */ = {
			isa = PBXResourcesBuildPhase;
			buildActionMask = 2147483647;
			files = (
				91E6D76D202F35550007F384 /* LaunchScreen.storyboard in Resources */,
				91E6D76A202F35550007F384 /* Assets.xcassets in Resources */,
				91E6D768202F35550007F384 /* Main.storyboard in Resources */,
			);
			runOnlyForDeploymentPostprocessing = 0;
		};
		91E6D771202F35550007F384 /* Resources */ = {
			isa = PBXResourcesBuildPhase;
			buildActionMask = 2147483647;
			files = (
			);
			runOnlyForDeploymentPostprocessing = 0;
		};
/* End PBXResourcesBuildPhase section */

/* Begin PBXSourcesBuildPhase section */
		91E6D75B202F35550007F384 /* Sources */ = {
			isa = PBXSourcesBuildPhase;
			buildActionMask = 2147483647;
			files = (
				91E6D787202F36AD0007F384 /* WeatherTableViewController.swift in Sources */,
				91E6D78A202F3D480007F384 /* Weather.swift in Sources */,
				91E6D763202F35550007F384 /* AppDelegate.swift in Sources */,
				91E6D78C202F44D70007F384 /* APIClient.swift in Sources */,
				91E6D78E202F57210007F384 /* Endpoint.swift in Sources */,
			);
			runOnlyForDeploymentPostprocessing = 0;
		};
		91E6D76F202F35550007F384 /* Sources */ = {
			isa = PBXSourcesBuildPhase;
			buildActionMask = 2147483647;
			files = (
				91E6D778202F35550007F384 /* WeatherAppTests.swift in Sources */,
			);
			runOnlyForDeploymentPostprocessing = 0;
		};
/* End PBXSourcesBuildPhase section */

/* Begin PBXTargetDependency section */
		91E6D775202F35550007F384 /* PBXTargetDependency */ = {
			isa = PBXTargetDependency;
			target = 91E6D75E202F35550007F384 /* WeatherApp */;
			targetProxy = 91E6D774202F35550007F384 /* PBXContainerItemProxy */;
		};
/* End PBXTargetDependency section */

/* Begin PBXVariantGroup section */
		91E6D766202F35550007F384 /* Main.storyboard */ = {
			isa = PBXVariantGroup;
			children = (
				91E6D767202F35550007F384 /* Base */,
			);
			name = Main.storyboard;
			sourceTree = "<group>";
		};
		91E6D76B202F35550007F384 /* LaunchScreen.storyboard */ = {
			isa = PBXVariantGroup;
			children = (
				91E6D76C202F35550007F384 /* Base */,
			);
			name = LaunchScreen.storyboard;
			sourceTree = "<group>";
		};
/* End PBXVariantGroup section */

/* Begin XCBuildConfiguration section */
		91E6D77A202F35550007F384 /* Debug */ = {
			isa = XCBuildConfiguration;
			buildSettings = {
				ALWAYS_SEARCH_USER_PATHS = NO;
				CLANG_ANALYZER_NONNULL = YES;
				CLANG_ANALYZER_NUMBER_OBJECT_CONVERSION = YES_AGGRESSIVE;
				CLANG_CXX_LANGUAGE_STANDARD = "gnu++14";
				CLANG_CXX_LIBRARY = "libc++";
				CLANG_ENABLE_MODULES = YES;
				CLANG_ENABLE_OBJC_ARC = YES;
				CLANG_WARN_BLOCK_CAPTURE_AUTORELEASING = YES;
				CLANG_WARN_BOOL_CONVERSION = YES;
				CLANG_WARN_COMMA = YES;
				CLANG_WARN_CONSTANT_CONVERSION = YES;
				CLANG_WARN_DIRECT_OBJC_ISA_USAGE = YES_ERROR;
				CLANG_WARN_DOCUMENTATION_COMMENTS = YES;
				CLANG_WARN_EMPTY_BODY = YES;
				CLANG_WARN_ENUM_CONVERSION = YES;
				CLANG_WARN_INFINITE_RECURSION = YES;
				CLANG_WARN_INT_CONVERSION = YES;
				CLANG_WARN_NON_LITERAL_NULL_CONVERSION = YES;
				CLANG_WARN_OBJC_LITERAL_CONVERSION = YES;
				CLANG_WARN_OBJC_ROOT_CLASS = YES_ERROR;
				CLANG_WARN_RANGE_LOOP_ANALYSIS = YES;
				CLANG_WARN_STRICT_PROTOTYPES = YES;
				CLANG_WARN_SUSPICIOUS_MOVE = YES;
				CLANG_WARN_UNGUARDED_AVAILABILITY = YES_AGGRESSIVE;
				CLANG_WARN_UNREACHABLE_CODE = YES;
				CLANG_WARN__DUPLICATE_METHOD_MATCH = YES;
				CODE_SIGN_IDENTITY = "iPhone Developer";
				COPY_PHASE_STRIP = NO;
				DEBUG_INFORMATION_FORMAT = dwarf;
				ENABLE_STRICT_OBJC_MSGSEND = YES;
				ENABLE_TESTABILITY = YES;
				GCC_C_LANGUAGE_STANDARD = gnu11;
				GCC_DYNAMIC_NO_PIC = NO;
				GCC_NO_COMMON_BLOCKS = YES;
				GCC_OPTIMIZATION_LEVEL = 0;
				GCC_PREPROCESSOR_DEFINITIONS = (
					"DEBUG=1",
					"$(inherited)",
				);
				GCC_WARN_64_TO_32_BIT_CONVERSION = YES;
				GCC_WARN_ABOUT_RETURN_TYPE = YES_ERROR;
				GCC_WARN_UNDECLARED_SELECTOR = YES;
				GCC_WARN_UNINITIALIZED_AUTOS = YES_AGGRESSIVE;
				GCC_WARN_UNUSED_FUNCTION = YES;
				GCC_WARN_UNUSED_VARIABLE = YES;
				IPHONEOS_DEPLOYMENT_TARGET = 11.2;
				MTL_ENABLE_DEBUG_INFO = YES;
				ONLY_ACTIVE_ARCH = YES;
				SDKROOT = iphoneos;
				SWIFT_ACTIVE_COMPILATION_CONDITIONS = DEBUG;
				SWIFT_OPTIMIZATION_LEVEL = "-Onone";
			};
			name = Debug;
		};
		91E6D77B202F35550007F384 /* Release */ = {
			isa = XCBuildConfiguration;
			buildSettings = {
				ALWAYS_SEARCH_USER_PATHS = NO;
				CLANG_ANALYZER_NONNULL = YES;
				CLANG_ANALYZER_NUMBER_OBJECT_CONVERSION = YES_AGGRESSIVE;
				CLANG_CXX_LANGUAGE_STANDARD = "gnu++14";
				CLANG_CXX_LIBRARY = "libc++";
				CLANG_ENABLE_MODULES = YES;
				CLANG_ENABLE_OBJC_ARC = YES;
				CLANG_WARN_BLOCK_CAPTURE_AUTORELEASING = YES;
				CLANG_WARN_BOOL_CONVERSION = YES;
				CLANG_WARN_COMMA = YES;
				CLANG_WARN_CONSTANT_CONVERSION = YES;
				CLANG_WARN_DIRECT_OBJC_ISA_USAGE = YES_ERROR;
				CLANG_WARN_DOCUMENTATION_COMMENTS = YES;
				CLANG_WARN_EMPTY_BODY = YES;
				CLANG_WARN_ENUM_CONVERSION = YES;
				CLANG_WARN_INFINITE_RECURSION = YES;
				CLANG_WARN_INT_CONVERSION = YES;
				CLANG_WARN_NON_LITERAL_NULL_CONVERSION = YES;
				CLANG_WARN_OBJC_LITERAL_CONVERSION = YES;
				CLANG_WARN_OBJC_ROOT_CLASS = YES_ERROR;
				CLANG_WARN_RANGE_LOOP_ANALYSIS = YES;
				CLANG_WARN_STRICT_PROTOTYPES = YES;
				CLANG_WARN_SUSPICIOUS_MOVE = YES;
				CLANG_WARN_UNGUARDED_AVAILABILITY = YES_AGGRESSIVE;
				CLANG_WARN_UNREACHABLE_CODE = YES;
				CLANG_WARN__DUPLICATE_METHOD_MATCH = YES;
				CODE_SIGN_IDENTITY = "iPhone Developer";
				COPY_PHASE_STRIP = NO;
				DEBUG_INFORMATION_FORMAT = "dwarf-with-dsym";
				ENABLE_NS_ASSERTIONS = NO;
				ENABLE_STRICT_OBJC_MSGSEND = YES;
				GCC_C_LANGUAGE_STANDARD = gnu11;
				GCC_NO_COMMON_BLOCKS = YES;
				GCC_WARN_64_TO_32_BIT_CONVERSION = YES;
				GCC_WARN_ABOUT_RETURN_TYPE = YES_ERROR;
				GCC_WARN_UNDECLARED_SELECTOR = YES;
				GCC_WARN_UNINITIALIZED_AUTOS = YES_AGGRESSIVE;
				GCC_WARN_UNUSED_FUNCTION = YES;
				GCC_WARN_UNUSED_VARIABLE = YES;
				IPHONEOS_DEPLOYMENT_TARGET = 11.2;
				MTL_ENABLE_DEBUG_INFO = NO;
				SDKROOT = iphoneos;
				SWIFT_OPTIMIZATION_LEVEL = "-Owholemodule";
				VALIDATE_PRODUCT = YES;
			};
			name = Release;
		};
		91E6D77D202F35550007F384 /* Debug */ = {
			isa = XCBuildConfiguration;
			buildSettings = {
				ASSETCATALOG_COMPILER_APPICON_NAME = AppIcon;
				CODE_SIGN_STYLE = Automatic;
				DEVELOPMENT_TEAM = DF28856VV6;
				INFOPLIST_FILE = WeatherApp/Info.plist;
				LD_RUNPATH_SEARCH_PATHS = "$(inherited) @executable_path/Frameworks";
				PRODUCT_BUNDLE_IDENTIFIER = com.magnusholm.WeatherApp;
				PRODUCT_NAME = "$(TARGET_NAME)";
				SWIFT_VERSION = 4.0;
				TARGETED_DEVICE_FAMILY = "1,2";
			};
			name = Debug;
		};
		91E6D77E202F35550007F384 /* Release */ = {
			isa = XCBuildConfiguration;
			buildSettings = {
				ASSETCATALOG_COMPILER_APPICON_NAME = AppIcon;
				CODE_SIGN_STYLE = Automatic;
				DEVELOPMENT_TEAM = DF28856VV6;
				INFOPLIST_FILE = WeatherApp/Info.plist;
				LD_RUNPATH_SEARCH_PATHS = "$(inherited) @executable_path/Frameworks";
				PRODUCT_BUNDLE_IDENTIFIER = com.magnusholm.WeatherApp;
				PRODUCT_NAME = "$(TARGET_NAME)";
				SWIFT_VERSION = 4.0;
				TARGETED_DEVICE_FAMILY = "1,2";
			};
			name = Release;
		};
		91E6D780202F35550007F384 /* Debug */ = {
			isa = XCBuildConfiguration;
			buildSettings = {
				ALWAYS_EMBED_SWIFT_STANDARD_LIBRARIES = YES;
				BUNDLE_LOADER = "$(TEST_HOST)";
				CODE_SIGN_STYLE = Automatic;
				DEVELOPMENT_TEAM = DF28856VV6;
				INFOPLIST_FILE = WeatherAppTests/Info.plist;
				LD_RUNPATH_SEARCH_PATHS = "$(inherited) @executable_path/Frameworks @loader_path/Frameworks";
				PRODUCT_BUNDLE_IDENTIFIER = com.magnusholm.WeatherAppTests;
				PRODUCT_NAME = "$(TARGET_NAME)";
				SWIFT_VERSION = 4.0;
				TARGETED_DEVICE_FAMILY = "1,2";
				TEST_HOST = "$(BUILT_PRODUCTS_DIR)/WeatherApp.app/WeatherApp";
			};
			name = Debug;
		};
		91E6D781202F35550007F384 /* Release */ = {
			isa = XCBuildConfiguration;
			buildSettings = {
				ALWAYS_EMBED_SWIFT_STANDARD_LIBRARIES = YES;
				BUNDLE_LOADER = "$(TEST_HOST)";
				CODE_SIGN_STYLE = Automatic;
				DEVELOPMENT_TEAM = DF28856VV6;
				INFOPLIST_FILE = WeatherAppTests/Info.plist;
				LD_RUNPATH_SEARCH_PATHS = "$(inherited) @executable_path/Frameworks @loader_path/Frameworks";
				PRODUCT_BUNDLE_IDENTIFIER = com.magnusholm.WeatherAppTests;
				PRODUCT_NAME = "$(TARGET_NAME)";
				SWIFT_VERSION = 4.0;
				TARGETED_DEVICE_FAMILY = "1,2";
				TEST_HOST = "$(BUILT_PRODUCTS_DIR)/WeatherApp.app/WeatherApp";
			};
			name = Release;
		};
/* End XCBuildConfiguration section */

/* Begin XCConfigurationList section */
		91E6D75A202F35550007F384 /* Build configuration list for PBXProject "WeatherApp" */ = {
			isa = XCConfigurationList;
			buildConfigurations = (
				91E6D77A202F35550007F384 /* Debug */,
				91E6D77B202F35550007F384 /* Release */,
			);
			defaultConfigurationIsVisible = 0;
			defaultConfigurationName = Release;
		};
		91E6D77C202F35550007F384 /* Build configuration list for PBXNativeTarget "WeatherApp" */ = {
			isa = XCConfigurationList;
			buildConfigurations = (
				91E6D77D202F35550007F384 /* Debug */,
				91E6D77E202F35550007F384 /* Release */,
			);
			defaultConfigurationIsVisible = 0;
			defaultConfigurationName = Release;
		};
		91E6D77F202F35550007F384 /* Build configuration list for PBXNativeTarget "WeatherAppTests" */ = {
			isa = XCConfigurationList;
			buildConfigurations = (
				91E6D780202F35550007F384 /* Debug */,
				91E6D781202F35550007F384 /* Release */,
			);
			defaultConfigurationIsVisible = 0;
			defaultConfigurationName = Release;
		};
/* End XCConfigurationList section */
	};
	rootObject = 91E6D757202F35550007F384 /* Project object */;
}
